
Microsoft Visual Studio Solution File, Format Version 12.00
# Visual Studio Version 17
VisualStudioVersion = 17.4.33213.308
MinimumVisualStudioVersion = 10.0.40219.1
Project("{9A19103F-16F7-4668-BE54-9A1E7A4F7556}") = "PR7", "PR6\PR7.csproj", "{CDAC414F-6F63-4177-8328-3DEEE7DE1A06}"
EndProject
Global
	GlobalSection(SolutionConfigurationPlatforms) = preSolution
		Debug|Any CPU = Debug|Any CPU
		Release|Any CPU = Release|Any CPU
	EndGlobalSection
	GlobalSection(ProjectConfigurationPlatforms) = postSolution
		{CDAC414F-6F63-4177-8328-3DEEE7DE1A06}.Debug|Any CPU.ActiveCfg = Debug|Any CPU
		{CDAC414F-6F63-4177-8328-3DEEE7DE1A06}.Debug|Any CPU.Build.0 = Debug|Any CPU
		{CDAC414F-6F63-4177-8328-3DEEE7DE1A06}.Release|Any CPU.ActiveCfg = Release|Any CPU
		{CDAC414F-6F63-4177-8328-3DEEE7DE1A06}.Release|Any CPU.Build.0 = Release|Any CPU
	EndGlobalSection
	GlobalSection(SolutionProperties) = preSolution
		HideSolutionNode = FALSE
	EndGlobalSection
	GlobalSection(ExtensibilityGlobals) = postSolution
		SolutionGuid = {5FC3DC0F-5892-411F-8D61-CC74C8D8E60C}
	EndGlobalSection
EndGlobal
